
Microsoft Visual Studio Solution File, Format Version 12.00
# Visual Studio Version 16
VisualStudioVersion = 16.0.32602.291
MinimumVisualStudioVersion = 10.0.40219.1
Project("{FAE04EC0-301F-11D3-BF4B-00C04F79EFBC}") = "ArrayManipulation3", "ArrayManipulation3\ArrayManipulation3.csproj", "{94FD1C50-5E0A-4710-87EC-7CE6BB083C76}"
EndProject
Global
	GlobalSection(SolutionConfigurationPlatforms) = preSolution
		Debug|Any CPU = Debug|Any CPU
		Release|Any CPU = Release|Any CPU
	EndGlobalSection
	GlobalSection(ProjectConfigurationPlatforms) = postSolution
		{94FD1C50-5E0A-4710-87EC-7CE6BB083C76}.Debug|Any CPU.ActiveCfg = Debug|Any CPU
		{94FD1C50-5E0A-4710-87EC-7CE6BB083C76}.Debug|Any CPU.Build.0 = Debug|Any CPU
		{94FD1C50-5E0A-4710-87EC-7CE6BB083C76}.Release|Any CPU.ActiveCfg = Release|Any CPU
		{94FD1C50-5E0A-4710-87EC-7CE6BB083C76}.Release|Any CPU.Build.0 = Release|Any CPU
	EndGlobalSection
	GlobalSection(SolutionProperties) = preSolution
		HideSolutionNode = FALSE
	EndGlobalSection
	GlobalSection(ExtensibilityGlobals) = postSolution
		SolutionGuid = {01C10CBC-0BF1-4367-B462-AEA0FA80FD87}
	EndGlobalSection
EndGlobal
